
Microsoft Visual Studio Solution File, Format Version 12.00
# Visual Studio 15
VisualStudioVersion = 15.0.28010.2046
MinimumVisualStudioVersion = 10.0.40219.1
Project("{9A19103F-16F7-4668-BE54-9A1E7A4F7556}") = "FileSharingApp", "FileSharingApp\FileSharingApp.csproj", "{C68C181E-A5D8-458F-BF4B-E5B5F3DF118B}"
EndProject
Project("{FAE04EC0-301F-11D3-BF4B-00C04F79EFBC}") = "FileSharingAppTest", "FileSharingAppTest\FileSharingAppTest.csproj", "{D64394DE-C144-4C7F-9C94-2FF659C12A68}"
EndProject
Global
	GlobalSection(SolutionConfigurationPlatforms) = preSolution
		Debug|Any CPU = Debug|Any CPU
		Release|Any CPU = Release|Any CPU
	EndGlobalSection
	GlobalSection(ProjectConfigurationPlatforms) = postSolution
		{C68C181E-A5D8-458F-BF4B-E5B5F3DF118B}.Debug|Any CPU.ActiveCfg = Debug|Any CPU
		{C68C181E-A5D8-458F-BF4B-E5B5F3DF118B}.Debug|Any CPU.Build.0 = Debug|Any CPU
		{C68C181E-A5D8-458F-BF4B-E5B5F3DF118B}.Release|Any CPU.ActiveCfg = Release|Any CPU
		{C68C181E-A5D8-458F-BF4B-E5B5F3DF118B}.Release|Any CPU.Build.0 = Release|Any CPU
		{D64394DE-C144-4C7F-9C94-2FF659C12A68}.Debug|Any CPU.ActiveCfg = Debug|Any CPU
		{D64394DE-C144-4C7F-9C94-2FF659C12A68}.Debug|Any CPU.Build.0 = Debug|Any CPU
		{D64394DE-C144-4C7F-9C94-2FF659C12A68}.Release|Any CPU.ActiveCfg = Release|Any CPU
		{D64394DE-C144-4C7F-9C94-2FF659C12A68}.Release|Any CPU.Build.0 = Release|Any CPU
	EndGlobalSection
	GlobalSection(SolutionProperties) = preSolution
		HideSolutionNode = FALSE
	EndGlobalSection
	GlobalSection(ExtensibilityGlobals) = postSolution
		SolutionGuid = {62E85B94-37B4-474F-A076-A06D71749F30}
	EndGlobalSection
EndGlobal
